
Microsoft Visual Studio Solution File, Format Version 12.00
# Visual Studio 15
VisualStudioVersion = 15.0.26228.9
MinimumVisualStudioVersion = 10.0.40219.1
Project("{FAE04EC0-301F-11D3-BF4B-00C04F79EFBC}") = "FunWithWeb", "FunWithWeb\FunWithWeb.csproj", "{7514060B-3981-48FA-ABE5-26A5094A5F70}"
EndProject
Project("{FAE04EC0-301F-11D3-BF4B-00C04F79EFBC}") = "FunWithWeb.Tests", "FunWithWeb.Tests\FunWithWeb.Tests.csproj", "{A69571E8-6A9C-4C29-ADE7-24535F3FC695}"
EndProject
Global
	GlobalSection(SolutionConfigurationPlatforms) = preSolution
		Debug|Any CPU = Debug|Any CPU
		Release|Any CPU = Release|Any CPU
	EndGlobalSection
	GlobalSection(ProjectConfigurationPlatforms) = postSolution
		{7514060B-3981-48FA-ABE5-26A5094A5F70}.Debug|Any CPU.ActiveCfg = Debug|Any CPU
		{7514060B-3981-48FA-ABE5-26A5094A5F70}.Debug|Any CPU.Build.0 = Debug|Any CPU
		{7514060B-3981-48FA-ABE5-26A5094A5F70}.Release|Any CPU.ActiveCfg = Release|Any CPU
		{7514060B-3981-48FA-ABE5-26A5094A5F70}.Release|Any CPU.Build.0 = Release|Any CPU
		{A69571E8-6A9C-4C29-ADE7-24535F3FC695}.Debug|Any CPU.ActiveCfg = Debug|Any CPU
		{A69571E8-6A9C-4C29-ADE7-24535F3FC695}.Debug|Any CPU.Build.0 = Debug|Any CPU
		{A69571E8-6A9C-4C29-ADE7-24535F3FC695}.Release|Any CPU.ActiveCfg = Release|Any CPU
		{A69571E8-6A9C-4C29-ADE7-24535F3FC695}.Release|Any CPU.Build.0 = Release|Any CPU
	EndGlobalSection
	GlobalSection(SolutionProperties) = preSolution
		HideSolutionNode = FALSE
	EndGlobalSection
EndGlobal
